// !$*UTF8*$!
{
	archiveVersion = 1;
	classes = {
	};
	objectVersion = 46;
	objects = {

/* Begin PBXBuildFile section */
		04B8F5E61E66D4CF00E3F3B4 /* main.m in Sources */ = {isa = PBXBuildFile; fileRef = 04B8F5E51E66D4CF00E3F3B4 /* main.m */; };
		04B8F5E91E66D4CF00E3F3B4 /* AppDelegate.m in Sources */ = {isa = PBXBuildFile; fileRef = 04B8F5E81E66D4CF00E3F3B4 /* AppDelegate.m */; };
		04B8F5EC1E66D4CF00E3F3B4 /* ViewController.m in Sources */ = {isa = PBXBuildFile; fileRef = 04B8F5EB1E66D4CF00E3F3B4 /* ViewController.m */; };
		04B8F5EF1E66D4CF00E3F3B4 /* Main.storyboard in Resources */ = {isa = PBXBuildFile; fileRef = 04B8F5ED1E66D4CF00E3F3B4 /* Main.storyboard */; };
		04B8F5F11E66D4CF00E3F3B4 /* Assets.xcassets in Resources */ = {isa = PBXBuildFile; fileRef = 04B8F5F01E66D4CF00E3F3B4 /* Assets.xcassets */; };
		04B8F5F41E66D4CF00E3F3B4 /* LaunchScreen.storyboard in Resources */ = {isa = PBXBuildFile; fileRef = 04B8F5F21E66D4CF00E3F3B4 /* LaunchScreen.storyboard */; };
		04B8F5FF1E66D4CF00E3F3B4 /* demoNavigationTests.m in Sources */ = {isa = PBXBuildFile; fileRef = 04B8F5FE1E66D4CF00E3F3B4 /* demoNavigationTests.m */; };
		04B8F60A1E66D4CF00E3F3B4 /* demoNavigationUITests.m in Sources */ = {isa = PBXBuildFile; fileRef = 04B8F6091E66D4CF00E3F3B4 /* demoNavigationUITests.m */; };
/* End PBXBuildFile section */

/* Begin PBXContainerItemProxy section */
		04B8F5FB1E66D4CF00E3F3B4 /* PBXContainerItemProxy */ = {
			isa = PBXContainerItemProxy;
			containerPortal = 04B8F5D91E66D4CF00E3F3B4 /* Project object */;
			proxyType = 1;
			remoteGlobalIDString = 04B8F5E01E66D4CF00E3F3B4;
			remoteInfo = demoNavigation;
		};
		04B8F6061E66D4CF00E3F3B4 /* PBXContainerItemProxy */ = {
			isa = PBXContainerItemProxy;
			containerPortal = 04B8F5D91E66D4CF00E3F3B4 /* Project object */;
			proxyType = 1;
			remoteGlobalIDString = 04B8F5E01E66D4CF00E3F3B4;
			remoteInfo = demoNavigation;
		};
/* End PBXContainerItemProxy section */

/* Begin PBXFileReference section */
		04B8F5E11E66D4CF00E3F3B4 /* demoNavigation.app */ = {isa = PBXFileReference; explicitFileType = wrapper.application; includeInIndex = 0; path = demoNavigation.app; sourceTree = BUILT_PRODUCTS_DIR; };
		04B8F5E51E66D4CF00E3F3B4 /* main.m */ = {isa = PBXFileReference; lastKnownFileType = sourcecode.c.objc; path = main.m; sourceTree = "<group>"; };
		04B8F5E71E66D4CF00E3F3B4 /* AppDelegate.h */ = {isa = PBXFileReference; lastKnownFileType = sourcecode.c.h; path = AppDelegate.h; sourceTree = "<group>"; };
		04B8F5E81E66D4CF00E3F3B4 /* AppDelegate.m */ = {isa = PBXFileReference; lastKnownFileType = sourcecode.c.objc; path = AppDelegate.m; sourceTree = "<group>"; };
		04B8F5EA1E66D4CF00E3F3B4 /* ViewController.h */ = {isa = PBXFileReference; lastKnownFileType = sourcecode.c.h; path = ViewController.h; sourceTree = "<group>"; };
		04B8F5EB1E66D4CF00E3F3B4 /* ViewController.m */ = {isa = PBXFileReference; lastKnownFileType = sourcecode.c.objc; path = ViewController.m; sourceTree = "<group>"; };
		04B8F5EE1E66D4CF00E3F3B4 /* Base */ = {isa = PBXFileReference; lastKnownFileType = file.storyboard; name = Base; path = Base.lproj/Main.storyboard; sourceTree = "<group>"; };
		04B8F5F01E66D4CF00E3F3B4 /* Assets.xcassets */ = {isa = PBXFileReference; lastKnownFileType = folder.assetcatalog; path = Assets.xcassets; sourceTree = "<group>"; };
		04B8F5F31E66D4CF00E3F3B4 /* Base */ = {isa = PBXFileReference; lastKnownFileType = file.storyboard; name = Base; path = Base.lproj/LaunchScreen.storyboard; sourceTree = "<group>"; };
		04B8F5F51E66D4CF00E3F3B4 /* Info.plist */ = {isa = PBXFileReference; lastKnownFileType = text.plist.xml; path = Info.plist; sourceTree = "<group>"; };
		04B8F5FA1E66D4CF00E3F3B4 /* demoNavigationTests.xctest */ = {isa = PBXFileReference; explicitFileType = wrapper.cfbundle; includeInIndex = 0; path = demoNavigationTests.xctest; sourceTree = BUILT_PRODUCTS_DIR; };
		04B8F5FE1E66D4CF00E3F3B4 /* demoNavigationTests.m */ = {isa = PBXFileReference; lastKnownFileType = sourcecode.c.objc; path = demoNavigationTests.m; sourceTree = "<group>"; };
		04B8F6001E66D4CF00E3F3B4 /* Info.plist */ = {isa = PBXFileReference; lastKnownFileType = text.plist.xml; path = Info.plist; sourceTree = "<group>"; };
		04B8F6051E66D4CF00E3F3B4 /* demoNavigationUITests.xctest */ = {isa = PBXFileReference; explicitFileType = wrapper.cfbundle; includeInIndex = 0; path = demoNavigationUITests.xctest; sourceTree = BUILT_PRODUCTS_DIR; };
		04B8F6091E66D4CF00E3F3B4 /* demoNavigationUITests.m */ = {isa = PBXFileReference; lastKnownFileType = sourcecode.c.objc; path = demoNavigationUITests.m; sourceTree = "<group>"; };
		04B8F60B1E66D4CF00E3F3B4 /* Info.plist */ = {isa = PBXFileReference; lastKnownFileType = text.plist.xml; path = Info.plist; sourceTree = "<group>"; };
/* End PBXFileReference section */

/* Begin PBXFrameworksBuildPhase section */
		04B8F5DE1E66D4CF00E3F3B4 /* Frameworks */ = {
			isa = PBXFrameworksBuildPhase;
			buildActionMask = 2147483647;
			files = (
			);
			runOnlyForDeploymentPostprocessing = 0;
		};
		04B8F5F71E66D4CF00E3F3B4 /* Frameworks */ = {
			isa = PBXFrameworksBuildPhase;
			buildActionMask = 2147483647;
			files = (
			);
			runOnlyForDeploymentPostprocessing = 0;
		};
		04B8F6021E66D4CF00E3F3B4 /* Frameworks */ = {
			isa = PBXFrameworksBuildPhase;
			buildActionMask = 2147483647;
			files = (
			);
			runOnlyForDeploymentPostprocessing = 0;
		};
/* End PBXFrameworksBuildPhase section */

/* Begin PBXGroup section */
		04B8F5D81E66D4CF00E3F3B4 = {
			isa = PBXGroup;
			children = (
				04B8F5E31E66D4CF00E3F3B4 /* demoNavigation */,
				04B8F5FD1E66D4CF00E3F3B4 /* demoNavigationTests */,
				04B8F6081E66D4CF00E3F3B4 /* demoNavigationUITests */,
				04B8F5E21E66D4CF00E3F3B4 /* Products */,
			);
			sourceTree = "<group>";
		};
		04B8F5E21E66D4CF00E3F3B4 /* Products */ = {
			isa = PBXGroup;
			children = (
				04B8F5E11E66D4CF00E3F3B4 /* demoNavigation.app */,
				04B8F5FA1E66D4CF00E3F3B4 /* demoNavigationTests.xctest */,
				04B8F6051E66D4CF00E3F3B4 /* demoNavigationUITests.xctest */,
			);
			name = Products;
			sourceTree = "<group>";
		};
		04B8F5E31E66D4CF00E3F3B4 /* demoNavigation */ = {
			isa = PBXGroup;
			children = (
				04B8F5E71E66D4CF00E3F3B4 /* AppDelegate.h */,
				04B8F5E81E66D4CF00E3F3B4 /* AppDelegate.m */,
				04B8F5EA1E66D4CF00E3F3B4 /* ViewController.h */,
				04B8F5EB1E66D4CF00E3F3B4 /* ViewController.m */,
				04B8F5ED1E66D4CF00E3F3B4 /* Main.storyboard */,
				04B8F5F01E66D4CF00E3F3B4 /* Assets.xcassets */,
				04B8F5F21E66D4CF00E3F3B4 /* LaunchScreen.storyboard */,
				04B8F5F51E66D4CF00E3F3B4 /* Info.plist */,
				04B8F5E41E66D4CF00E3F3B4 /* Supporting Files */,
			);
			path = demoNavigation;
			sourceTree = "<group>";
		};
		04B8F5E41E66D4CF00E3F3B4 /* Supporting Files */ = {
			isa = PBXGroup;
			children = (
				04B8F5E51E66D4CF00E3F3B4 /* main.m */,
			);
			name = "Supporting Files";
			sourceTree = "<group>";
		};
		04B8F5FD1E66D4CF00E3F3B4 /* demoNavigationTests */ = {
			isa = PBXGroup;
			children = (
				04B8F5FE1E66D4CF00E3F3B4 /* demoNavigationTests.m */,
				04B8F6001E66D4CF00E3F3B4 /* Info.plist */,
			);
			path = demoNavigationTests;
			sourceTree = "<group>";
		};
		04B8F6081E66D4CF00E3F3B4 /* demoNavigationUITests */ = {
			isa = PBXGroup;
			children = (
				04B8F6091E66D4CF00E3F3B4 /* demoNavigationUITests.m */,
				04B8F60B1E66D4CF00E3F3B4 /* Info.plist */,
			);
			path = demoNavigationUITests;
			sourceTree = "<group>";
		};
/* End PBXGroup section */

/* Begin PBXNativeTarget section */
		04B8F5E01E66D4CF00E3F3B4 /* demoNavigation */ = {
			isa = PBXNativeTarget;
			buildConfigurationList = 04B8F60E1E66D4CF00E3F3B4 /* Build configuration list for PBXNativeTarget "demoNavigation" */;
			buildPhases = (
				04B8F5DD1E66D4CF00E3F3B4 /* Sources */,
				04B8F5DE1E66D4CF00E3F3B4 /* Frameworks */,
				04B8F5DF1E66D4CF00E3F3B4 /* Resources */,
			);
			buildRules = (
			);
			dependencies = (
			);
			name = demoNavigation;
			productName = demoNavigation;
			productReference = 04B8F5E11E66D4CF00E3F3B4 /* demoNavigation.app */;
			productType = "com.apple.product-type.application";
		};
		04B8F5F91E66D4CF00E3F3B4 /* demoNavigationTests */ = {
			isa = PBXNativeTarget;
			buildConfigurationList = 04B8F6111E66D4CF00E3F3B4 /* Build configuration list for PBXNativeTarget "demoNavigationTests" */;
			buildPhases = (
				04B8F5F61E66D4CF00E3F3B4 /* Sources */,
				04B8F5F71E66D4CF00E3F3B4 /* Frameworks */,
				04B8F5F81E66D4CF00E3F3B4 /* Resources */,
			);
			buildRules = (
			);
			dependencies = (
				04B8F5FC1E66D4CF00E3F3B4 /* PBXTargetDependency */,
			);
			name = demoNavigationTests;
			productName = demoNavigationTests;
			productReference = 04B8F5FA1E66D4CF00E3F3B4 /* demoNavigationTests.xctest */;
			productType = "com.apple.product-type.bundle.unit-test";
		};
		04B8F6041E66D4CF00E3F3B4 /* demoNavigationUITests */ = {
			isa = PBXNativeTarget;
			buildConfigurationList = 04B8F6141E66D4CF00E3F3B4 /* Build configuration list for PBXNativeTarget "demoNavigationUITests" */;
			buildPhases = (
				04B8F6011E66D4CF00E3F3B4 /* Sources */,
				04B8F6021E66D4CF00E3F3B4 /* Frameworks */,
				04B8F6031E66D4CF00E3F3B4 /* Resources */,
			);
			buildRules = (
			);
			dependencies = (
				04B8F6071E66D4CF00E3F3B4 /* PBXTargetDependency */,
			);
			name = demoNavigationUITests;
			productName = demoNavigationUITests;
			productReference = 04B8F6051E66D4CF00E3F3B4 /* demoNavigationUITests.xctest */;
			productType = "com.apple.product-type.bundle.ui-testing";
		};
/* End PBXNativeTarget section */

/* Begin PBXProject section */
		04B8F5D91E66D4CF00E3F3B4 /* Project object */ = {
			isa = PBXProject;
			attributes = {
				LastUpgradeCheck = 0730;
				ORGANIZATIONNAME = "Sarvada Chauhan";
				TargetAttributes = {
					04B8F5E01E66D4CF00E3F3B4 = {
						CreatedOnToolsVersion = 7.3;
					};
					04B8F5F91E66D4CF00E3F3B4 = {
						CreatedOnToolsVersion = 7.3;
						TestTargetID = 04B8F5E01E66D4CF00E3F3B4;
					};
					04B8F6041E66D4CF00E3F3B4 = {
						CreatedOnToolsVersion = 7.3;
						TestTargetID = 04B8F5E01E66D4CF00E3F3B4;
					};
				};
			};
			buildConfigurationList = 04B8F5DC1E66D4CF00E3F3B4 /* Build configuration list for PBXProject "demoNavigation" */;
			compatibilityVersion = "Xcode 3.2";
			developmentRegion = English;
			hasScannedForEncodings = 0;
			knownRegions = (
				en,
				Base,
			);
			mainGroup = 04B8F5D81E66D4CF00E3F3B4;
			productRefGroup = 04B8F5E21E66D4CF00E3F3B4 /* Products */;
			projectDirPath = "";
			projectRoot = "";
			targets = (
				04B8F5E01E66D4CF00E3F3B4 /* demoNavigation */,
				04B8F5F91E66D4CF00E3F3B4 /* demoNavigationTests */,
				04B8F6041E66D4CF00E3F3B4 /* demoNavigationUITests */,
			);
		};
/* End PBXProject section */

/* Begin PBXResourcesBuildPhase section */
		04B8F5DF1E66D4CF00E3F3B4 /* Resources */ = {
			isa = PBXResourcesBuildPhase;
			buildActionMask = 2147483647;
			files = (
				04B8F5F41E66D4CF00E3F3B4 /* LaunchScreen.storyboard in Resources */,
				04B8F5F11E66D4CF00E3F3B4 /* Assets.xcassets in Resources */,
				04B8F5EF1E66D4CF00E3F3B4 /* Main.storyboard in Resources */,
			);
			runOnlyForDeploymentPostprocessing = 0;
		};
		04B8F5F81E66D4CF00E3F3B4 /* Resources */ = {
			isa = PBXResourcesBuildPhase;
			buildActionMask = 2147483647;
			files = (
			);
			runOnlyForDeploymentPostprocessing = 0;
		};
		04B8F6031E66D4CF00E3F3B4 /* Resources */ = {
			isa = PBXResourcesBuildPhase;
			buildActionMask = 2147483647;
			files = (
			);
			runOnlyForDeploymentPostprocessing = 0;
		};
/* End PBXResourcesBuildPhase section */

/* Begin PBXSourcesBuildPhase section */
		04B8F5DD1E66D4CF00E3F3B4 /* Sources */ = {
			isa = PBXSourcesBuildPhase;
			buildActionMask = 2147483647;
			files = (
				04B8F5EC1E66D4CF00E3F3B4 /* ViewController.m in Sources */,
				04B8F5E91E66D4CF00E3F3B4 /* AppDelegate.m in Sources */,
				04B8F5E61E66D4CF00E3F3B4 /* main.m in Sources */,
			);
			runOnlyForDeploymentPostprocessing = 0;
		};
		04B8F5F61E66D4CF00E3F3B4 /* Sources */ = {
			isa = PBXSourcesBuildPhase;
			buildActionMask = 2147483647;
			files = (
				04B8F5FF1E66D4CF00E3F3B4 /* demoNavigationTests.m in Sources */,
			);
			runOnlyForDeploymentPostprocessing = 0;
		};
		04B8F6011E66D4CF00E3F3B4 /* Sources */ = {
			isa = PBXSourcesBuildPhase;
			buildActionMask = 2147483647;
			files = (
				04B8F60A1E66D4CF00E3F3B4 /* demoNavigationUITests.m in Sources */,
			);
			runOnlyForDeploymentPostprocessing = 0;
		};
/* End PBXSourcesBuildPhase section */

/* Begin PBXTargetDependency section */
		04B8F5FC1E66D4CF00E3F3B4 /* PBXTargetDependency */ = {
			isa = PBXTargetDependency;
			target = 04B8F5E01E66D4CF00E3F3B4 /* demoNavigation */;
			targetProxy = 04B8F5FB1E66D4CF00E3F3B4 /* PBXContainerItemProxy */;
		};
		04B8F6071E66D4CF00E3F3B4 /* PBXTargetDependency */ = {
			isa = PBXTargetDependency;
			target = 04B8F5E01E66D4CF00E3F3B4 /* demoNavigation */;
			targetProxy = 04B8F6061E66D4CF00E3F3B4 /* PBXContainerItemProxy */;
		};
/* End PBXTargetDependency section */

/* Begin PBXVariantGroup section */
		04B8F5ED1E66D4CF00E3F3B4 /* Main.storyboard */ = {
			isa = PBXVariantGroup;
			children = (
				04B8F5EE1E66D4CF00E3F3B4 /* Base */,
			);
			name = Main.storyboard;
			sourceTree = "<group>";
		};
		04B8F5F21E66D4CF00E3F3B4 /* LaunchScreen.storyboard */ = {
			isa = PBXVariantGroup;
			children = (
				04B8F5F31E66D4CF00E3F3B4 /* Base */,
			);
			name = LaunchScreen.storyboard;
			sourceTree = "<group>";
		};
/* End PBXVariantGroup section */

/* Begin XCBuildConfiguration section */
		04B8F60C1E66D4CF00E3F3B4 /* Debug */ = {
			isa = XCBuildConfiguration;
			buildSettings = {
				ALWAYS_SEARCH_USER_PATHS = NO;
				CLANG_ANALYZER_NONNULL = YES;
				CLANG_CXX_LANGUAGE_STANDARD = "gnu++0x";
				CLANG_CXX_LIBRARY = "libc++";
				CLANG_ENABLE_MODULES = YES;
				CLANG_ENABLE_OBJC_ARC = YES;
				CLANG_WARN_BOOL_CONVERSION = YES;
				CLANG_WARN_CONSTANT_CONVERSION = YES;
				CLANG_WARN_DIRECT_OBJC_ISA_USAGE = YES_ERROR;
				CLANG_WARN_EMPTY_BODY = YES;
				CLANG_WARN_ENUM_CONVERSION = YES;
				CLANG_WARN_INT_CONVERSION = YES;
				CLANG_WARN_OBJC_ROOT_CLASS = YES_ERROR;
				CLANG_WARN_UNREACHABLE_CODE = YES;
				CLANG_WARN__DUPLICATE_METHOD_MATCH = YES;
				"CODE_SIGN_IDENTITY[sdk=iphoneos*]" = "iPhone Developer";
				COPY_PHASE_STRIP = NO;
				DEBUG_INFORMATION_FORMAT = dwarf;
				ENABLE_STRICT_OBJC_MSGSEND = YES;
				ENABLE_TESTABILITY = YES;
				GCC_C_LANGUAGE_STANDARD = gnu99;
				GCC_DYNAMIC_NO_PIC = NO;
				GCC_NO_COMMON_BLOCKS = YES;
				GCC_OPTIMIZATION_LEVEL = 0;
				GCC_PREPROCESSOR_DEFINITIONS = (
					"DEBUG=1",
					"$(inherited)",
				);
				GCC_WARN_64_TO_32_BIT_CONVERSION = YES;
				GCC_WARN_ABOUT_RETURN_TYPE = YES_ERROR;
				GCC_WARN_UNDECLARED_SELECTOR = YES;
				GCC_WARN_UNINITIALIZED_AUTOS = YES_AGGRESSIVE;
				GCC_WARN_UNUSED_FUNCTION = YES;
				GCC_WARN_UNUSED_VARIABLE = YES;
				IPHONEOS_DEPLOYMENT_TARGET = 9.3;
				MTL_ENABLE_DEBUG_INFO = YES;
				ONLY_ACTIVE_ARCH = YES;
				SDKROOT = iphoneos;
				TARGETED_DEVICE_FAMILY = "1,2";
			};
			name = Debug;
		};
		04B8F60D1E66D4CF00E3F3B4 /* Release */ = {
			isa = XCBuildConfiguration;
			buildSettings = {
				ALWAYS_SEARCH_USER_PATHS = NO;
				CLANG_ANALYZER_NONNULL = YES;
				CLANG_CXX_LANGUAGE_STANDARD = "gnu++0x";
				CLANG_CXX_LIBRARY = "libc++";
				CLANG_ENABLE_MODULES = YES;
				CLANG_ENABLE_OBJC_ARC = YES;
				CLANG_WARN_BOOL_CONVERSION = YES;
				CLANG_WARN_CONSTANT_CONVERSION = YES;
				CLANG_WARN_DIRECT_OBJC_ISA_USAGE = YES_ERROR;
				CLANG_WARN_EMPTY_BODY = YES;
				CLANG_WARN_ENUM_CONVERSION = YES;
				CLANG_WARN_INT_CONVERSION = YES;
				CLANG_WARN_OBJC_ROOT_CLASS = YES_ERROR;
				CLANG_WARN_UNREACHABLE_CODE = YES;
				CLANG_WARN__DUPLICATE_METHOD_MATCH = YES;
				"CODE_SIGN_IDENTITY[sdk=iphoneos*]" = "iPhone Developer";
				COPY_PHASE_STRIP = NO;
				DEBUG_INFORMATION_FORMAT = "dwarf-with-dsym";
				ENABLE_NS_ASSERTIONS = NO;
				ENABLE_STRICT_OBJC_MSGSEND = YES;
				GCC_C_LANGUAGE_STANDARD = gnu99;
				GCC_NO_COMMON_BLOCKS = YES;
				GCC_WARN_64_TO_32_BIT_CONVERSION = YES;
				GCC_WARN_ABOUT_RETURN_TYPE = YES_ERROR;
				GCC_WARN_UNDECLARED_SELECTOR = YES;
				GCC_WARN_UNINITIALIZED_AUTOS = YES_AGGRESSIVE;
				GCC_WARN_UNUSED_FUNCTION = YES;
				GCC_WARN_UNUSED_VARIABLE = YES;
				IPHONEOS_DEPLOYMENT_TARGET = 9.3;
				MTL_ENABLE_DEBUG_INFO = NO;
				SDKROOT = iphoneos;
				TARGETED_DEVICE_FAMILY = "1,2";
				VALIDATE_PRODUCT = YES;
			};
			name = Release;
		};
		04B8F60F1E66D4CF00E3F3B4 /* Debug */ = {
			isa = XCBuildConfiguration;
			buildSettings = {
				ASSETCATALOG_COMPILER_APPICON_NAME = AppIcon;
				INFOPLIST_FILE = demoNavigation/Info.plist;
				LD_RUNPATH_SEARCH_PATHS = "$(inherited) @executable_path/Frameworks";
				PRODUCT_BUNDLE_IDENTIFIER = com.mobiloitte.demoNavigation;
				PRODUCT_NAME = "$(TARGET_NAME)";
			};
			name = Debug;
		};
		04B8F6101E66D4CF00E3F3B4 /* Release */ = {
			isa = XCBuildConfiguration;
			buildSettings = {
				ASSETCATALOG_COMPILER_APPICON_NAME = AppIcon;
				INFOPLIST_FILE = demoNavigation/Info.plist;
				LD_RUNPATH_SEARCH_PATHS = "$(inherited) @executable_path/Frameworks";
				PRODUCT_BUNDLE_IDENTIFIER = com.mobiloitte.demoNavigation;
				PRODUCT_NAME = "$(TARGET_NAME)";
			};
			name = Release;
		};
		04B8F6121E66D4CF00E3F3B4 /* Debug */ = {
			isa = XCBuildConfiguration;
			buildSettings = {
				BUNDLE_LOADER = "$(TEST_HOST)";
				INFOPLIST_FILE = demoNavigationTests/Info.plist;
				LD_RUNPATH_SEARCH_PATHS = "$(inherited) @executable_path/Frameworks @loader_path/Frameworks";
				PRODUCT_BUNDLE_IDENTIFIER = com.mobiloitte.demoNavigationTests;
				PRODUCT_NAME = "$(TARGET_NAME)";
				TEST_HOST = "$(BUILT_PRODUCTS_DIR)/demoNavigation.app/demoNavigation";
			};
			name = Debug;
		};
		04B8F6131E66D4CF00E3F3B4 /* Release */ = {
			isa = XCBuildConfiguration;
			buildSettings = {
				BUNDLE_LOADER = "$(TEST_HOST)";
				INFOPLIST_FILE = demoNavigationTests/Info.plist;
				LD_RUNPATH_SEARCH_PATHS = "$(inherited) @executable_path/Frameworks @loader_path/Frameworks";
				PRODUCT_BUNDLE_IDENTIFIER = com.mobiloitte.demoNavigationTests;
				PRODUCT_NAME = "$(TARGET_NAME)";
				TEST_HOST = "$(BUILT_PRODUCTS_DIR)/demoNavigation.app/demoNavigation";
			};
			name = Release;
		};
		04B8F6151E66D4CF00E3F3B4 /* Debug */ = {
			isa = XCBuildConfiguration;
			buildSettings = {
				INFOPLIST_FILE = demoNavigationUITests/Info.plist;
				LD_RUNPATH_SEARCH_PATHS = "$(inherited) @executable_path/Frameworks @loader_path/Frameworks";
				PRODUCT_BUNDLE_IDENTIFIER = com.mobiloitte.demoNavigationUITests;
				PRODUCT_NAME = "$(TARGET_NAME)";
				TEST_TARGET_NAME = demoNavigation;
			};
			name = Debug;
		};
		04B8F6161E66D4CF00E3F3B4 /* Release */ = {
			isa = XCBuildConfiguration;
			buildSettings = {
				INFOPLIST_FILE = demoNavigationUITests/Info.plist;
				LD_RUNPATH_SEARCH_PATHS = "$(inherited) @executable_path/Frameworks @loader_path/Frameworks";
				PRODUCT_BUNDLE_IDENTIFIER = com.mobiloitte.demoNavigationUITests;
				PRODUCT_NAME = "$(TARGET_NAME)";
				TEST_TARGET_NAME = demoNavigation;
			};
			name = Release;
		};
/* End XCBuildConfiguration section */

/* Begin XCConfigurationList section */
		04B8F5DC1E66D4CF00E3F3B4 /* Build configuration list for PBXProject "demoNavigation" */ = {
			isa = XCConfigurationList;
			buildConfigurations = (
				04B8F60C1E66D4CF00E3F3B4 /* Debug */,
				04B8F60D1E66D4CF00E3F3B4 /* Release */,
			);
			defaultConfigurationIsVisible = 0;
			defaultConfigurationName = Release;
		};
		04B8F60E1E66D4CF00E3F3B4 /* Build configuration list for PBXNativeTarget "demoNavigation" */ = {
			isa = XCConfigurationList;
			buildConfigurations = (
				04B8F60F1E66D4CF00E3F3B4 /* Debug */,
				04B8F6101E66D4CF00E3F3B4 /* Release */,
			);
			defaultConfigurationIsVisible = 0;
		};
		04B8F6111E66D4CF00E3F3B4 /* Build configuration list for PBXNativeTarget "demoNavigationTests" */ = {
			isa = XCConfigurationList;
			buildConfigurations = (
				04B8F6121E66D4CF00E3F3B4 /* Debug */,
				04B8F6131E66D4CF00E3F3B4 /* Release */,
			);
			defaultConfigurationIsVisible = 0;
		};
		04B8F6141E66D4CF00E3F3B4 /* Build configuration list for PBXNativeTarget "demoNavigationUITests" */ = {
			isa = XCConfigurationList;
			buildConfigurations = (
				04B8F6151E66D4CF00E3F3B4 /* Debug */,
				04B8F6161E66D4CF00E3F3B4 /* Release */,
			);
			defaultConfigurationIsVisible = 0;
		};
/* End XCConfigurationList section */
	};
	rootObject = 04B8F5D91E66D4CF00E3F3B4 /* Project object */;
}
